
Microsoft Visual Studio Solution File, Format Version 12.00
Project("{2150E333-8FDC-42A3-9474-1A3956D46DE8}") = "Application", "Application", "{21843368-2588-4699-B296-906809048753}"
EndProject
Project("{2150E333-8FDC-42A3-9474-1A3956D46DE8}") = "Domain", "Domain", "{3C1BAD00-FCFC-47B4-ACA2-960069A6F62D}"
EndProject
Project("{2150E333-8FDC-42A3-9474-1A3956D46DE8}") = "Infrastructure", "Infrastructure", "{494C734F-8BFC-452E-BE2C-4DD921C70336}"
EndProject
Project("{2150E333-8FDC-42A3-9474-1A3956D46DE8}") = "Client", "Client", "{CA0F2DB3-452F-4D0F-BD66-6D66049C098A}"
EndProject
Project("{2150E333-8FDC-42A3-9474-1A3956D46DE8}") = "src", "src", "{EB0344BA-2C90-44FF-8BB9-F0B5C51F4B35}"
EndProject
Project("{FAE04EC0-301F-11D3-BF4B-00C04F79EFBC}") = "WorkoutApp.Mvc", "src\Client\WorkoutApp.Mvc\WorkoutApp.Mvc.csproj", "{5C01CA4E-9D4B-452A-A089-F9164874C351}"
EndProject
Project("{2150E333-8FDC-42A3-9474-1A3956D46DE8}") = "Mappings", "Mappings", "{5EF16954-B3DE-4E3F-9DD8-8B3BACA71AB2}"
EndProject
Project("{FAE04EC0-301F-11D3-BF4B-00C04F79EFBC}") = "WorkoutApp.Services", "src\Application\WorkoutApp.Services\WorkoutApp.Services.csproj", "{47C01827-CBA8-434B-8CA6-9C0EC78890E6}"
EndProject
Project("{FAE04EC0-301F-11D3-BF4B-00C04F79EFBC}") = "WorkoutApp.DataTransferObjects", "src\Application\WorkoutApp.DataTransferObjects\WorkoutApp.DataTransferObjects.csproj", "{6026FE1D-F20C-4D55-9102-5DB5E8BF9653}"
EndProject
Project("{FAE04EC0-301F-11D3-BF4B-00C04F79EFBC}") = "WorkoutApp.Entities", "src\Domain\WorkoutApp.Entities\WorkoutApp.Entities.csproj", "{9A7522F6-28EA-4B70-8219-218BFD21A112}"
EndProject
Project("{FAE04EC0-301F-11D3-BF4B-00C04F79EFBC}") = "WorkoutApp.Infrastructure", "src\Infrastructure\WorkoutApp.Infrastructure\WorkoutApp.Infrastructure.csproj", "{5DAD1388-A6C9-4D36-8F8F-1CA22D5AC65C}"
EndProject
Global
	GlobalSection(SolutionConfigurationPlatforms) = preSolution
		Debug|Any CPU = Debug|Any CPU
		Release|Any CPU = Release|Any CPU
	EndGlobalSection
	GlobalSection(NestedProjects) = preSolution
		{CA0F2DB3-452F-4D0F-BD66-6D66049C098A} = {EB0344BA-2C90-44FF-8BB9-F0B5C51F4B35}
		{21843368-2588-4699-B296-906809048753} = {EB0344BA-2C90-44FF-8BB9-F0B5C51F4B35}
		{3C1BAD00-FCFC-47B4-ACA2-960069A6F62D} = {EB0344BA-2C90-44FF-8BB9-F0B5C51F4B35}
		{494C734F-8BFC-452E-BE2C-4DD921C70336} = {EB0344BA-2C90-44FF-8BB9-F0B5C51F4B35}
		{5C01CA4E-9D4B-452A-A089-F9164874C351} = {CA0F2DB3-452F-4D0F-BD66-6D66049C098A}
		{5EF16954-B3DE-4E3F-9DD8-8B3BACA71AB2} = {21843368-2588-4699-B296-906809048753}
		{47C01827-CBA8-434B-8CA6-9C0EC78890E6} = {21843368-2588-4699-B296-906809048753}
		{6026FE1D-F20C-4D55-9102-5DB5E8BF9653} = {21843368-2588-4699-B296-906809048753}
		{9A7522F6-28EA-4B70-8219-218BFD21A112} = {3C1BAD00-FCFC-47B4-ACA2-960069A6F62D}
		{5DAD1388-A6C9-4D36-8F8F-1CA22D5AC65C} = {494C734F-8BFC-452E-BE2C-4DD921C70336}
	EndGlobalSection
	GlobalSection(ProjectConfigurationPlatforms) = postSolution
		{5C01CA4E-9D4B-452A-A089-F9164874C351}.Debug|Any CPU.ActiveCfg = Debug|Any CPU
		{5C01CA4E-9D4B-452A-A089-F9164874C351}.Debug|Any CPU.Build.0 = Debug|Any CPU
		{5C01CA4E-9D4B-452A-A089-F9164874C351}.Release|Any CPU.ActiveCfg = Release|Any CPU
		{5C01CA4E-9D4B-452A-A089-F9164874C351}.Release|Any CPU.Build.0 = Release|Any CPU
		{47C01827-CBA8-434B-8CA6-9C0EC78890E6}.Debug|Any CPU.ActiveCfg = Debug|Any CPU
		{47C01827-CBA8-434B-8CA6-9C0EC78890E6}.Debug|Any CPU.Build.0 = Debug|Any CPU
		{47C01827-CBA8-434B-8CA6-9C0EC78890E6}.Release|Any CPU.ActiveCfg = Release|Any CPU
		{47C01827-CBA8-434B-8CA6-9C0EC78890E6}.Release|Any CPU.Build.0 = Release|Any CPU
		{6026FE1D-F20C-4D55-9102-5DB5E8BF9653}.Debug|Any CPU.ActiveCfg = Debug|Any CPU
		{6026FE1D-F20C-4D55-9102-5DB5E8BF9653}.Debug|Any CPU.Build.0 = Debug|Any CPU
		{6026FE1D-F20C-4D55-9102-5DB5E8BF9653}.Release|Any CPU.ActiveCfg = Release|Any CPU
		{6026FE1D-F20C-4D55-9102-5DB5E8BF9653}.Release|Any CPU.Build.0 = Release|Any CPU
		{9A7522F6-28EA-4B70-8219-218BFD21A112}.Debug|Any CPU.ActiveCfg = Debug|Any CPU
		{9A7522F6-28EA-4B70-8219-218BFD21A112}.Debug|Any CPU.Build.0 = Debug|Any CPU
		{9A7522F6-28EA-4B70-8219-218BFD21A112}.Release|Any CPU.ActiveCfg = Release|Any CPU
		{9A7522F6-28EA-4B70-8219-218BFD21A112}.Release|Any CPU.Build.0 = Release|Any CPU
		{5DAD1388-A6C9-4D36-8F8F-1CA22D5AC65C}.Debug|Any CPU.ActiveCfg = Debug|Any CPU
		{5DAD1388-A6C9-4D36-8F8F-1CA22D5AC65C}.Debug|Any CPU.Build.0 = Debug|Any CPU
		{5DAD1388-A6C9-4D36-8F8F-1CA22D5AC65C}.Release|Any CPU.ActiveCfg = Release|Any CPU
		{5DAD1388-A6C9-4D36-8F8F-1CA22D5AC65C}.Release|Any CPU.Build.0 = Release|Any CPU
	EndGlobalSection
EndGlobal
